
Microsoft Visual Studio Solution File, Format Version 12.00
# Visual Studio Version 16
VisualStudioVersion = 16.0.31410.357
MinimumVisualStudioVersion = 10.0.40219.1
Project("{FAE04EC0-301F-11D3-BF4B-00C04F79EFBC}") = "YoutubeDownloaderDesktop", "YoutubeDownloaderDesktop\YoutubeDownloaderDesktop.csproj", "{B30E25D8-26F9-4A12-85DD-819ECACB27BE}"
EndProject
Global
	GlobalSection(SolutionConfigurationPlatforms) = preSolution
		Debug|Any CPU = Debug|Any CPU
		Release|Any CPU = Release|Any CPU
	EndGlobalSection
	GlobalSection(ProjectConfigurationPlatforms) = postSolution
		{B30E25D8-26F9-4A12-85DD-819ECACB27BE}.Debug|Any CPU.ActiveCfg = Debug|Any CPU
		{B30E25D8-26F9-4A12-85DD-819ECACB27BE}.Debug|Any CPU.Build.0 = Debug|Any CPU
		{B30E25D8-26F9-4A12-85DD-819ECACB27BE}.Release|Any CPU.ActiveCfg = Release|Any CPU
		{B30E25D8-26F9-4A12-85DD-819ECACB27BE}.Release|Any CPU.Build.0 = Release|Any CPU
	EndGlobalSection
	GlobalSection(SolutionProperties) = preSolution
		HideSolutionNode = FALSE
	EndGlobalSection
	GlobalSection(ExtensibilityGlobals) = postSolution
		SolutionGuid = {F4F9ED3A-C905-467A-958C-4E626CF878EE}
	EndGlobalSection
EndGlobal
